{
    "_meta": {
        "hash": {
            "sha256": "90f297bd600a5c0a70c05f3bcb217b0fccd38e11e46493e3265bd2624cb4117d"
        },
        "pipfile-spec": 6,
        "requires": {
            "python_version": "3.7"
        },
        "sources": [
            {
                "name": "pypi",
                "url": "https://pypi.org/simple",
                "verify_ssl": true
            }
        ]
    },
    "default": {
        "mpyq": {
            "hashes": [
                "sha256:30aaf5962be569f3f2b53978060cd047434ee4f5a215925dd6ff0fef04ec0007"
            ],
            "version": "==0.2.5"
        },
        "s2protocol": {
            "hashes": [
                "sha256:628f6ed0e541b9f8251711446f7b202366f6d24d85ed424b5455f74c8a25d5a3",
                "sha256:a28ffae78208b94aa26735f1abb358950a355d6e71f17709c180e001b77d6d66"
            ],
            "index": "pypi",
            "version": "==4.9.3.75025.1"
        }
    },
    "develop": {
        "altgraph": {
            "hashes": [
                "sha256:743628f2ac6a7c26f5d9223c91ed8ecbba535f506f4b6f558885a8a56a105857",
                "sha256:ebf2269361b47d97b3b88e696439f6e4cbc607c17c51feb1754f90fb79839158"
            ],
            "version": "==0.17.2"
        },
        "pyinstaller": {
            "hashes": [
                "sha256:3730fa80d088f8bb7084d32480eb87cbb4ddb64123363763cf8f2a1378c1c4b7"
            ],
            "index": "pypi",
            "version": "==3.6"
        }
    }
}
