{
    "_meta": {
        "hash": {
            "sha256": "90f297bd600a5c0a70c05f3bcb217b0fccd38e11e46493e3265bd2624cb4117d"
        },
        "pipfile-spec": 6,
        "requires": {
            "python_version": "3.7"
        },
        "sources": [
            {
                "name": "pypi",
                "url": "https://pypi.org/simple",
                "verify_ssl": true
            }
        ]
    },
    "default": {
        "mpyq": {
            "hashes": [
                "sha256:30aaf5962be569f3f2b53978060cd047434ee4f5a215925dd6ff0fef04ec0007"
            ],
            "version": "==0.2.5"
        },
        "s2protocol": {
            "hashes": [
                "sha256:628f6ed0e541b9f8251711446f7b202366f6d24d85ed424b5455f74c8a25d5a3",
                "sha256:a28ffae78208b94aa26735f1abb358950a355d6e71f17709c180e001b77d6d66"
            ],
            "index": "pypi",
            "version": "==4.9.3.75025.1"
        }
    },
    "develop": {
        "altgraph": {
            "hashes": [
                "sha256:d6814989f242b2b43025cba7161fc1b8fb487a62cd49c49245d6fd01c18ac997",
                "sha256:ddf5320017147ba7b810198e0b6619bd7b5563aa034da388cea8546b877f9b0c"
            ],
            "version": "==0.16.1"
        },
        "future": {
            "hashes": [
                "sha256:67045236dcfd6816dc439556d009594abf643e5eb48992e36beac09c2ca659b8",
                "sha256:d0ceace6c99ece8fadd9fcfc0f96c44c76ba5d4b7f028b4e2e9d5982b68ce348"
            ],
            "version": "==0.17.1"
        },
        "pefile": {
            "hashes": [
                "sha256:a5d6e8305c6b210849b47a6174ddf9c452b2888340b8177874b862ba6c207645"
            ],
            "version": "==2019.4.18"
        },
        "pyinstaller": {
            "hashes": [
                "sha256:ee7504022d1332a3324250faf2135ea56ac71fdb6309cff8cd235de26b1d0a96"
            ],
            "index": "pypi",
            "version": "==3.5"
        },
        "pywin32-ctypes": {
            "hashes": [
                "sha256:24ffc3b341d457d48e8922352130cf2644024a4ff09762a2261fd34c36ee5942",
                "sha256:9dc2d991b3479cc2df15930958b674a48a227d5361d413827a4cfd0b5876fc98"
            ],
            "version": "==0.2.0"
        }
    }
}
